lockfileVersion: '9.0'

settings:
  autoInstallPeers: true
  excludeLinksFromLockfile: false

importers:

  .:
    devDependencies:
      '@types/node':
        specifier: ^24.0.0
        version: 24.13.3
      '@types/react':
        specifier: 18.3.28
        version: 18.3.28
      cordis:
        specifier: ^4.0.0-rc.7
        version: 4.0.0-rc.7
      react:
        specifier: 18.3.1
        version: 18.3.1
      typescript:
        specifier: ^5.9.2
        version: 5.9.2

packages:

  '@standard-schema/spec@1.1.0':
    resolution: {integrity: sha512-l2aFy5jALhniG5HgqrD6jXLi/rUWrKvqN/qJx6yoJsgKhblVd+iqqU4RCXavm/jPityDo5TCvKMnpjKnOriy0w==}

  '@types/node@24.13.3':
    resolution: {integrity: sha512-Dh8vAsV36ig5wa9OX4pXvMc9D3Veibfw2wix0CUwYODLD8nkj9UsLjASr49nPg+2eKzxhBV+v7L8pXvT4e639Q==}

  '@types/prop-types@15.7.15':
    resolution: {integrity: sha512-F6bEyamV9jKGAFBEmlQnesRPGOQqS2+Uwi0Em15xenOxHaf2hv6L8YCVn3rPdPJOiJfPiCnLIRyvwVaqMY3MIw==}

  '@types/react@18.3.28':
    resolution: {integrity: sha512-z9VXpC7MWrhfWipitjNdgCauoMLRdIILQsAEV+ZesIzBq/oUlxk0m3ApZuMFCXdnS4U7KrI+l3WRUEGQ8K1QKw==}

  cordis@4.0.0-rc.7:
    resolution: {integrity: sha512-5nm6ehrSfJhEUV659CctEvyNuBY/AXapw8+ZEw7YENztdzpiT+Ha8nIfkyhfyAgPtJns9aB5On5nzl9Sm6zHeQ==}
    hasBin: true
    peerDependencies:
      '@cordisjs/plugin-include': ^1.0.4
      '@cordisjs/plugin-loader': ^1.0.0-rc.5
    peerDependenciesMeta:
      '@cordisjs/plugin-include':
        optional: true
      '@cordisjs/plugin-loader':
        optional: true

  cosmokit@1.8.1:
    resolution: {integrity: sha512-PDBv4l90xZKrUsZ0vtoycgZpO/j4iFsqJXrAxsyBDsnQRI7ZMJXIjgDJsKNjd5L8jnVnnlrDCdhkFbTncgCVjQ==}

  csstype@3.2.3:
    resolution: {integrity: sha512-z1HGKcYy2xA8AGQfwrn0PAy+PB7X/GSj3UVJW9qKyn43xWa+gl5nXmU4qqLMRzWVLFC8KusUX8T/0kCiOYpAIQ==}

  js-tokens@3.0.0:
    resolution: {integrity: sha512-poXEQHPMmTrYZuJgNRll2sbc3kJsSU1m/g1Q93IE6txNj3p6xOOOmdj1G/zCVGawYSPzTkSoWGg1otqbeqKJeg==}

  loose-envify@1.4.0:
    resolution: {integrity: sha512-lyuxPGr/Wfhrlem2CL/UcnUc1zcqKAImBDzukY7Y5F/yQiNdko6+fRLevlw1HgMySw7f611UIY408EtxRSoK3Q==}
    hasBin: true

  react@18.3.1:
    resolution: {integrity: sha512-wS+hAgJShR0KhEvPJArfuPVN1+Hz1t0Y6n5jLrGQbkb4urgPE/0Rve+1kMB1v/oWgHgm4WIcV+i7F2pTVj+2iQ==}
    engines: {node: '>=0.10.0'}

  typescript@5.9.2:
    resolution: {integrity: sha512-CWBzXQrc/qOkhidw1OzBTQuYRbfyxDXJMVJ1XNwUHGROVmuaeiEm3OslpZ1RV96d7SKKjZKrSJu3+t/xlw3R9A==}
    engines: {node: '>=14.17'}
    hasBin: true

  undici-types@7.18.2:
    resolution: {integrity: sha512-AsuCzffGHJybSaRrmr5eHr81mwJU3kjw6M+uprWvCXiNeN9SOGwQ3Jn8jb8m3Z6izVgknn1R0FTCEAP2QrLY/w==}

snapshots:

  '@standard-schema/spec@1.1.0': {}

  '@types/node@24.13.3':
    dependencies:
      undici-types: 7.18.2

  '@types/prop-types@15.7.15': {}

  '@types/react@18.3.28':
    dependencies:
      '@types/prop-types': 15.7.15
      csstype: 3.2.3

  cordis@4.0.0-rc.7:
    dependencies:
      '@standard-schema/spec': 1.1.0
      cosmokit: 1.8.1

  cosmokit@1.8.1: {}

  csstype@3.2.3: {}

  js-tokens@3.0.0: {}

  loose-envify@1.4.0:
    dependencies:
      js-tokens: 3.0.0

  react@18.3.1:
    dependencies:
      loose-envify: 1.4.0

  typescript@5.9.2: {}

  undici-types@7.18.2: {}
